// !$*UTF8*$!
{
	archiveVersion = 1;
	classes = {
	};
	objectVersion = 46;
	objects = {

/* Begin PBXBuildFile section */
		AE9CBA66137BFF8C00CA97E1 /* Cocoa.framework in Frameworks */ = {isa = PBXBuildFile; fileRef = AE9CBA65137BFF8C00CA97E1 /* Cocoa.framework */; };
		AE9CBA70137BFF8C00CA97E1 /* InfoPlist.strings in Resources */ = {isa = PBXBuildFile; fileRef = AE9CBA6E137BFF8C00CA97E1 /* InfoPlist.strings */; };
		AE9CBA73137BFF8C00CA97E1 /* main.m in Sources */ = {isa = PBXBuildFile; fileRef = AE9CBA72137BFF8C00CA97E1 /* main.m */; };
		AE9CBA76137BFF8C00CA97E1 /* Credits.rtf in Resources */ = {isa = PBXBuildFile; fileRef = AE9CBA74137BFF8C00CA97E1 /* Credits.rtf */; };
		AE9CBA79137BFF8C00CA97E1 /* Password_generatorAppDelegate.m in Sources */ = {isa = PBXBuildFile; fileRef = AE9CBA78137BFF8C00CA97E1 /* Password_generatorAppDelegate.m */; };
		AE9CBA7C137BFF8C00CA97E1 /* MainMenu.xib in Resources */ = {isa = PBXBuildFile; fileRef = AE9CBA7A137BFF8C00CA97E1 /* MainMenu.xib */; };
		AE9CBA84137BFFCC00CA97E1 /* Utils.m in Sources */ = {isa = PBXBuildFile; fileRef = AE9CBA83137BFFCC00CA97E1 /* Utils.m */; };
		AE9CBA87137C00AE00CA97E1 /* DataContainerSingleton.m in Sources */ = {isa = PBXBuildFile; fileRef = AE9CBA86137C00AE00CA97E1 /* DataContainerSingleton.m */; };
		AECACF0918FDC6DA00D14B22 /* Foundation.framework in Frameworks */ = {isa = PBXBuildFile; fileRef = AECACF0818FDC6DA00D14B22 /* Foundation.framework */; };
		AECACF0B18FDC6DA00D14B22 /* CoreGraphics.framework in Frameworks */ = {isa = PBXBuildFile; fileRef = AECACF0A18FDC6DA00D14B22 /* CoreGraphics.framework */; };
		AECACF0D18FDC6DA00D14B22 /* UIKit.framework in Frameworks */ = {isa = PBXBuildFile; fileRef = AECACF0C18FDC6DA00D14B22 /* UIKit.framework */; };
		AECACF1318FDC6DA00D14B22 /* InfoPlist.strings in Resources */ = {isa = PBXBuildFile; fileRef = AECACF1118FDC6DA00D14B22 /* InfoPlist.strings */; };
		AECACF1518FDC6DA00D14B22 /* main.m in Sources */ = {isa = PBXBuildFile; fileRef = AECACF1418FDC6DA00D14B22 /* main.m */; };
		AECACF1918FDC6DA00D14B22 /* AppDelegate.m in Sources */ = {isa = PBXBuildFile; fileRef = AECACF1818FDC6DA00D14B22 /* AppDelegate.m */; };
		AECACF1C18FDC6DA00D14B22 /* Main.storyboard in Resources */ = {isa = PBXBuildFile; fileRef = AECACF1A18FDC6DA00D14B22 /* Main.storyboard */; };
		AECACF1F18FDC6DA00D14B22 /* ViewController.m in Sources */ = {isa = PBXBuildFile; fileRef = AECACF1E18FDC6DA00D14B22 /* ViewController.m */; };
		AECACF2118FDC6DA00D14B22 /* Images.xcassets in Resources */ = {isa = PBXBuildFile; fileRef = AECACF2018FDC6DA00D14B22 /* Images.xcassets */; };
		AECACF3B18FDC82E00D14B22 /* Utils.m in Sources */ = {isa = PBXBuildFile; fileRef = AE9CBA83137BFFCC00CA97E1 /* Utils.m */; };
		AECACF3C18FDC89B00D14B22 /* DataContainerSingleton.m in Sources */ = {isa = PBXBuildFile; fileRef = AE9CBA86137C00AE00CA97E1 /* DataContainerSingleton.m */; };
		AECACF3F18FDC98800D14B22 /* UtilsMacOS.m in Sources */ = {isa = PBXBuildFile; fileRef = AECACF3E18FDC98800D14B22 /* UtilsMacOS.m */; };
		AECACF4318FDCA4C00D14B22 /* Utils_iOS.m in Sources */ = {isa = PBXBuildFile; fileRef = AECACF4118FDC9E400D14B22 /* Utils_iOS.m */; };
/* End PBXBuildFile section */

/* Begin PBXFileReference section */
		AE9CBA61137BFF8C00CA97E1 /* Password generator.app */ = {isa = PBXFileReference; explicitFileType = wrapper.application; includeInIndex = 0; path = "Password generator.app"; sourceTree = BUILT_PRODUCTS_DIR; };
		AE9CBA65137BFF8C00CA97E1 /* Cocoa.framework */ = {isa = PBXFileReference; lastKnownFileType = wrapper.framework; name = Cocoa.framework; path = System/Library/Frameworks/Cocoa.framework; sourceTree = SDKROOT; };
		AE9CBA68137BFF8C00CA97E1 /* AppKit.framework */ = {isa = PBXFileReference; lastKnownFileType = wrapper.framework; name = AppKit.framework; path = System/Library/Frameworks/AppKit.framework; sourceTree = SDKROOT; };
		AE9CBA69137BFF8C00CA97E1 /* CoreData.framework */ = {isa = PBXFileReference; lastKnownFileType = wrapper.framework; name = CoreData.framework; path = System/Library/Frameworks/CoreData.framework; sourceTree = SDKROOT; };
		AE9CBA6A137BFF8C00CA97E1 /* Foundation.framework */ = {isa = PBXFileReference; lastKnownFileType = wrapper.framework; name = Foundation.framework; path = System/Library/Frameworks/Foundation.framework; sourceTree = SDKROOT; };
		AE9CBA6D137BFF8C00CA97E1 /* Password generator-Info.plist */ = {isa = PBXFileReference; lastKnownFileType = text.plist.xml; path = "Password generator-Info.plist"; sourceTree = "<group>"; };
		AE9CBA6F137BFF8C00CA97E1 /* en */ = {isa = PBXFileReference; lastKnownFileType = text.plist.strings; name = en; path = en.lproj/InfoPlist.strings; sourceTree = "<group>"; };
		AE9CBA71137BFF8C00CA97E1 /* Password generator-Prefix.pch */ = {isa = PBXFileReference; lastKnownFileType = sourcecode.c.h; path = "Password generator-Prefix.pch"; sourceTree = "<group>"; };
		AE9CBA72137BFF8C00CA97E1 /* main.m */ = {isa = PBXFileReference; lastKnownFileType = sourcecode.c.objc; path = main.m; sourceTree = "<group>"; };
		AE9CBA75137BFF8C00CA97E1 /* en */ = {isa = PBXFileReference; lastKnownFileType = text.rtf; name = en; path = en.lproj/Credits.rtf; sourceTree = "<group>"; };
		AE9CBA77137BFF8C00CA97E1 /* Password_generatorAppDelegate.h */ = {isa = PBXFileReference; lastKnownFileType = sourcecode.c.h; path = Password_generatorAppDelegate.h; sourceTree = "<group>"; };
		AE9CBA78137BFF8C00CA97E1 /* Password_generatorAppDelegate.m */ = {isa = PBXFileReference; lastKnownFileType = sourcecode.c.objc; path = Password_generatorAppDelegate.m; sourceTree = "<group>"; };
		AE9CBA7B137BFF8C00CA97E1 /* en */ = {isa = PBXFileReference; lastKnownFileType = file.xib; name = en; path = en.lproj/MainMenu.xib; sourceTree = "<group>"; };
		AE9CBA82137BFFCC00CA97E1 /* Utils.h */ = {isa = PBXFileReference; fileEncoding = 4; lastKnownFileType = sourcecode.c.h; name = Utils.h; path = "Password generator/Utils.h"; sourceTree = "<group>"; };
		AE9CBA83137BFFCC00CA97E1 /* Utils.m */ = {isa = PBXFileReference; fileEncoding = 4; lastKnownFileType = sourcecode.c.objc; name = Utils.m; path = "Password generator/Utils.m"; sourceTree = "<group>"; };
		AE9CBA85137C00AE00CA97E1 /* DataContainerSingleton.h */ = {isa = PBXFileReference; fileEncoding = 4; lastKnownFileType = sourcecode.c.h; name = DataContainerSingleton.h; path = "Password generator/DataContainerSingleton.h"; sourceTree = "<group>"; };
		AE9CBA86137C00AE00CA97E1 /* DataContainerSingleton.m */ = {isa = PBXFileReference; fileEncoding = 4; lastKnownFileType = sourcecode.c.objc; name = DataContainerSingleton.m; path = "Password generator/DataContainerSingleton.m"; sourceTree = "<group>"; };
		AECACF0718FDC6DA00D14B22 /* Password generator_iOS.app */ = {isa = PBXFileReference; explicitFileType = wrapper.application; includeInIndex = 0; path = "Password generator_iOS.app"; sourceTree = BUILT_PRODUCTS_DIR; };
		AECACF0818FDC6DA00D14B22 /* Foundation.framework */ = {isa = PBXFileReference; lastKnownFileType = wrapper.framework; name = Foundation.framework; path = System/Library/Frameworks/Foundation.framework; sourceTree = SDKROOT; };
		AECACF0A18FDC6DA00D14B22 /* CoreGraphics.framework */ = {isa = PBXFileReference; lastKnownFileType = wrapper.framework; name = CoreGraphics.framework; path = System/Library/Frameworks/CoreGraphics.framework; sourceTree = SDKROOT; };
		AECACF0C18FDC6DA00D14B22 /* UIKit.framework */ = {isa = PBXFileReference; lastKnownFileType = wrapper.framework; name = UIKit.framework; path = Library/Frameworks/UIKit.framework; sourceTree = DEVELOPER_DIR; };
		AECACF1018FDC6DA00D14B22 /* Password generator_iOS-Info.plist */ = {isa = PBXFileReference; lastKnownFileType = text.plist.xml; path = "Password generator_iOS-Info.plist"; sourceTree = "<group>"; };
		AECACF1218FDC6DA00D14B22 /* en */ = {isa = PBXFileReference; lastKnownFileType = text.plist.strings; name = en; path = en.lproj/InfoPlist.strings; sourceTree = "<group>"; };
		AECACF1418FDC6DA00D14B22 /* main.m */ = {isa = PBXFileReference; lastKnownFileType = sourcecode.c.objc; path = main.m; sourceTree = "<group>"; };
		AECACF1618FDC6DA00D14B22 /* Password generator_iOS-Prefix.pch */ = {isa = PBXFileReference; lastKnownFileType = sourcecode.c.h; path = "Password generator_iOS-Prefix.pch"; sourceTree = "<group>"; };
		AECACF1718FDC6DA00D14B22 /* AppDelegate.h */ = {isa = PBXFileReference; lastKnownFileType = sourcecode.c.h; path = AppDelegate.h; sourceTree = "<group>"; };
		AECACF1818FDC6DA00D14B22 /* AppDelegate.m */ = {isa = PBXFileReference; lastKnownFileType = sourcecode.c.objc; path = AppDelegate.m; sourceTree = "<group>"; };
		AECACF1B18FDC6DA00D14B22 /* Base */ = {isa = PBXFileReference; lastKnownFileType = file.storyboard; name = Base; path = Base.lproj/Main.storyboard; sourceTree = "<group>"; };
		AECACF1D18FDC6DA00D14B22 /* ViewController.h */ = {isa = PBXFileReference; lastKnownFileType = sourcecode.c.h; path = ViewController.h; sourceTree = "<group>"; };
		AECACF1E18FDC6DA00D14B22 /* ViewController.m */ = {isa = PBXFileReference; lastKnownFileType = sourcecode.c.objc; path = ViewController.m; sourceTree = "<group>"; };
		AECACF2018FDC6DA00D14B22 /* Images.xcassets */ = {isa = PBXFileReference; lastKnownFileType = folder.assetcatalog; path = Images.xcassets; sourceTree = "<group>"; };
		AECACF2718FDC6DB00D14B22 /* XCTest.framework */ = {isa = PBXFileReference; lastKnownFileType = wrapper.framework; name = XCTest.framework; path = Library/Frameworks/XCTest.framework; sourceTree = DEVELOPER_DIR; };
		AECACF3D18FDC98800D14B22 /* UtilsMacOS.h */ = {isa = PBXFileReference; fileEncoding = 4; lastKnownFileType = sourcecode.c.h; path = UtilsMacOS.h; sourceTree = "<group>"; };
		AECACF3E18FDC98800D14B22 /* UtilsMacOS.m */ = {isa = PBXFileReference; fileEncoding = 4; lastKnownFileType = sourcecode.c.objc; path = UtilsMacOS.m; sourceTree = "<group>"; };
		AECACF4018FDC9E400D14B22 /* Utils_iOS.h */ = {isa = PBXFileReference; fileEncoding = 4; lastKnownFileType = sourcecode.c.h; name = Utils_iOS.h; path = "../Password generator/Utils_iOS.h"; sourceTree = "<group>"; };
		AECACF4118FDC9E400D14B22 /* Utils_iOS.m */ = {isa = PBXFileReference; fileEncoding = 4; lastKnownFileType = sourcecode.c.objc; name = Utils_iOS.m; path = "../Password generator/Utils_iOS.m"; sourceTree = "<group>"; };
/* End PBXFileReference section */

/* Begin PBXFrameworksBuildPhase section */
		AE9CBA5E137BFF8C00CA97E1 /* Frameworks */ = {
			isa = PBXFrameworksBuildPhase;
			buildActionMask = 2147483647;
			files = (
				AE9CBA66137BFF8C00CA97E1 /* Cocoa.framework in Frameworks */,
			);
			runOnlyForDeploymentPostprocessing = 0;
		};
		AECACF0418FDC6DA00D14B22 /* Frameworks */ = {
			isa = PBXFrameworksBuildPhase;
			buildActionMask = 2147483647;
			files = (
				AECACF0B18FDC6DA00D14B22 /* CoreGraphics.framework in Frameworks */,
				AECACF0D18FDC6DA00D14B22 /* UIKit.framework in Frameworks */,
				AECACF0918FDC6DA00D14B22 /* Foundation.framework in Frameworks */,
			);
			runOnlyForDeploymentPostprocessing = 0;
		};
/* End PBXFrameworksBuildPhase section */

/* Begin PBXGroup section */
		AE9CBA56137BFF8C00CA97E1 = {
			isa = PBXGroup;
			children = (
				AE9CBA82137BFFCC00CA97E1 /* Utils.h */,
				AE9CBA83137BFFCC00CA97E1 /* Utils.m */,
				AE9CBA85137C00AE00CA97E1 /* DataContainerSingleton.h */,
				AE9CBA86137C00AE00CA97E1 /* DataContainerSingleton.m */,
				AE9CBA6B137BFF8C00CA97E1 /* Password generator */,
				AECACF0E18FDC6DA00D14B22 /* Password generator_iOS */,
				AE9CBA64137BFF8C00CA97E1 /* Frameworks */,
				AE9CBA62137BFF8C00CA97E1 /* Products */,
			);
			sourceTree = "<group>";
		};
		AE9CBA62137BFF8C00CA97E1 /* Products */ = {
			isa = PBXGroup;
			children = (
				AE9CBA61137BFF8C00CA97E1 /* Password generator.app */,
				AECACF0718FDC6DA00D14B22 /* Password generator_iOS.app */,
			);
			name = Products;
			sourceTree = "<group>";
		};
		AE9CBA64137BFF8C00CA97E1 /* Frameworks */ = {
			isa = PBXGroup;
			children = (
				AE9CBA65137BFF8C00CA97E1 /* Cocoa.framework */,
				AECACF0818FDC6DA00D14B22 /* Foundation.framework */,
				AECACF0A18FDC6DA00D14B22 /* CoreGraphics.framework */,
				AECACF0C18FDC6DA00D14B22 /* UIKit.framework */,
				AECACF2718FDC6DB00D14B22 /* XCTest.framework */,
				AE9CBA67137BFF8C00CA97E1 /* Other Frameworks */,
			);
			name = Frameworks;
			sourceTree = "<group>";
		};
		AE9CBA67137BFF8C00CA97E1 /* Other Frameworks */ = {
			isa = PBXGroup;
			children = (
				AE9CBA68137BFF8C00CA97E1 /* AppKit.framework */,
				AE9CBA69137BFF8C00CA97E1 /* CoreData.framework */,
				AE9CBA6A137BFF8C00CA97E1 /* Foundation.framework */,
			);
			name = "Other Frameworks";
			sourceTree = "<group>";
		};
		AE9CBA6B137BFF8C00CA97E1 /* Password generator */ = {
			isa = PBXGroup;
			children = (
				AECACF3D18FDC98800D14B22 /* UtilsMacOS.h */,
				AECACF3E18FDC98800D14B22 /* UtilsMacOS.m */,
				AE9CBA77137BFF8C00CA97E1 /* Password_generatorAppDelegate.h */,
				AE9CBA78137BFF8C00CA97E1 /* Password_generatorAppDelegate.m */,
				AE9CBA7A137BFF8C00CA97E1 /* MainMenu.xib */,
				AE9CBA6C137BFF8C00CA97E1 /* Supporting Files */,
			);
			path = "Password generator";
			sourceTree = "<group>";
		};
		AE9CBA6C137BFF8C00CA97E1 /* Supporting Files */ = {
			isa = PBXGroup;
			children = (
				AE9CBA6D137BFF8C00CA97E1 /* Password generator-Info.plist */,
				AE9CBA6E137BFF8C00CA97E1 /* InfoPlist.strings */,
				AE9CBA71137BFF8C00CA97E1 /* Password generator-Prefix.pch */,
				AE9CBA72137BFF8C00CA97E1 /* main.m */,
				AE9CBA74137BFF8C00CA97E1 /* Credits.rtf */,
			);
			name = "Supporting Files";
			sourceTree = "<group>";
		};
		AECACF0E18FDC6DA00D14B22 /* Password generator_iOS */ = {
			isa = PBXGroup;
			children = (
				AECACF4018FDC9E400D14B22 /* Utils_iOS.h */,
				AECACF4118FDC9E400D14B22 /* Utils_iOS.m */,
				AECACF1718FDC6DA00D14B22 /* AppDelegate.h */,
				AECACF1818FDC6DA00D14B22 /* AppDelegate.m */,
				AECACF1A18FDC6DA00D14B22 /* Main.storyboard */,
				AECACF1D18FDC6DA00D14B22 /* ViewController.h */,
				AECACF1E18FDC6DA00D14B22 /* ViewController.m */,
				AECACF2018FDC6DA00D14B22 /* Images.xcassets */,
				AECACF0F18FDC6DA00D14B22 /* Supporting Files */,
			);
			path = "Password generator_iOS";
			sourceTree = "<group>";
		};
		AECACF0F18FDC6DA00D14B22 /* Supporting Files */ = {
			isa = PBXGroup;
			children = (
				AECACF1018FDC6DA00D14B22 /* Password generator_iOS-Info.plist */,
				AECACF1118FDC6DA00D14B22 /* InfoPlist.strings */,
				AECACF1418FDC6DA00D14B22 /* main.m */,
				AECACF1618FDC6DA00D14B22 /* Password generator_iOS-Prefix.pch */,
			);
			name = "Supporting Files";
			sourceTree = "<group>";
		};
/* End PBXGroup section */

/* Begin PBXNativeTarget section */
		AE9CBA60137BFF8C00CA97E1 /* Password generator */ = {
			isa = PBXNativeTarget;
			buildConfigurationList = AE9CBA7F137BFF8C00CA97E1 /* Build configuration list for PBXNativeTarget "Password generator" */;
			buildPhases = (
				AE9CBA5D137BFF8C00CA97E1 /* Sources */,
				AE9CBA5E137BFF8C00CA97E1 /* Frameworks */,
				AE9CBA5F137BFF8C00CA97E1 /* Resources */,
			);
			buildRules = (
			);
			dependencies = (
			);
			name = "Password generator";
			productName = "Password generator";
			productReference = AE9CBA61137BFF8C00CA97E1 /* Password generator.app */;
			productType = "com.apple.product-type.application";
		};
		AECACF0618FDC6DA00D14B22 /* Password generator_iOS */ = {
			isa = PBXNativeTarget;
			buildConfigurationList = AECACF3518FDC6DB00D14B22 /* Build configuration list for PBXNativeTarget "Password generator_iOS" */;
			buildPhases = (
				AECACF0318FDC6DA00D14B22 /* Sources */,
				AECACF0418FDC6DA00D14B22 /* Frameworks */,
				AECACF0518FDC6DA00D14B22 /* Resources */,
			);
			buildRules = (
			);
			dependencies = (
			);
			name = "Password generator_iOS";
			productName = "Password generator_iOS";
			productReference = AECACF0718FDC6DA00D14B22 /* Password generator_iOS.app */;
			productType = "com.apple.product-type.application";
		};
/* End PBXNativeTarget section */

/* Begin PBXProject section */
		AE9CBA58137BFF8C00CA97E1 /* Project object */ = {
			isa = PBXProject;
			attributes = {
				LastUpgradeCheck = 0510;
			};
			buildConfigurationList = AE9CBA5B137BFF8C00CA97E1 /* Build configuration list for PBXProject "Password generator" */;
			compatibilityVersion = "Xcode 3.2";
			developmentRegion = English;
			hasScannedForEncodings = 0;
			knownRegions = (
				en,
				Base,
			);
			mainGroup = AE9CBA56137BFF8C00CA97E1;
			productRefGroup = AE9CBA62137BFF8C00CA97E1 /* Products */;
			projectDirPath = "";
			projectRoot = "";
			targets = (
				AE9CBA60137BFF8C00CA97E1 /* Password generator */,
				AECACF0618FDC6DA00D14B22 /* Password generator_iOS */,
			);
		};
/* End PBXProject section */

/* Begin PBXResourcesBuildPhase section */
		AE9CBA5F137BFF8C00CA97E1 /* Resources */ = {
			isa = PBXResourcesBuildPhase;
			buildActionMask = 2147483647;
			files = (
				AE9CBA70137BFF8C00CA97E1 /* InfoPlist.strings in Resources */,
				AE9CBA76137BFF8C00CA97E1 /* Credits.rtf in Resources */,
				AE9CBA7C137BFF8C00CA97E1 /* MainMenu.xib in Resources */,
			);
			runOnlyForDeploymentPostprocessing = 0;
		};
		AECACF0518FDC6DA00D14B22 /* Resources */ = {
			isa = PBXResourcesBuildPhase;
			buildActionMask = 2147483647;
			files = (
				AECACF2118FDC6DA00D14B22 /* Images.xcassets in Resources */,
				AECACF1318FDC6DA00D14B22 /* InfoPlist.strings in Resources */,
				AECACF1C18FDC6DA00D14B22 /* Main.storyboard in Resources */,
			);
			runOnlyForDeploymentPostprocessing = 0;
		};
/* End PBXResourcesBuildPhase section */

/* Begin PBXSourcesBuildPhase section */
		AE9CBA5D137BFF8C00CA97E1 /* Sources */ = {
			isa = PBXSourcesBuildPhase;
			buildActionMask = 2147483647;
			files = (
				AECACF3F18FDC98800D14B22 /* UtilsMacOS.m in Sources */,
				AE9CBA73137BFF8C00CA97E1 /* main.m in Sources */,
				AE9CBA79137BFF8C00CA97E1 /* Password_generatorAppDelegate.m in Sources */,
				AE9CBA84137BFFCC00CA97E1 /* Utils.m in Sources */,
				AE9CBA87137C00AE00CA97E1 /* DataContainerSingleton.m in Sources */,
			);
			runOnlyForDeploymentPostprocessing = 0;
		};
		AECACF0318FDC6DA00D14B22 /* Sources */ = {
			isa = PBXSourcesBuildPhase;
			buildActionMask = 2147483647;
			files = (
				AECACF1F18FDC6DA00D14B22 /* ViewController.m in Sources */,
				AECACF3C18FDC89B00D14B22 /* DataContainerSingleton.m in Sources */,
				AECACF1918FDC6DA00D14B22 /* AppDelegate.m in Sources */,
				AECACF1518FDC6DA00D14B22 /* main.m in Sources */,
				AECACF3B18FDC82E00D14B22 /* Utils.m in Sources */,
				AECACF4318FDCA4C00D14B22 /* Utils_iOS.m in Sources */,
			);
			runOnlyForDeploymentPostprocessing = 0;
		};
/* End PBXSourcesBuildPhase section */

/* Begin PBXVariantGroup section */
		AE9CBA6E137BFF8C00CA97E1 /* InfoPlist.strings */ = {
			isa = PBXVariantGroup;
			children = (
				AE9CBA6F137BFF8C00CA97E1 /* en */,
			);
			name = InfoPlist.strings;
			sourceTree = "<group>";
		};
		AE9CBA74137BFF8C00CA97E1 /* Credits.rtf */ = {
			isa = PBXVariantGroup;
			children = (
				AE9CBA75137BFF8C00CA97E1 /* en */,
			);
			name = Credits.rtf;
			sourceTree = "<group>";
		};
		AE9CBA7A137BFF8C00CA97E1 /* MainMenu.xib */ = {
			isa = PBXVariantGroup;
			children = (
				AE9CBA7B137BFF8C00CA97E1 /* en */,
			);
			name = MainMenu.xib;
			sourceTree = "<group>";
		};
		AECACF1118FDC6DA00D14B22 /* InfoPlist.strings */ = {
			isa = PBXVariantGroup;
			children = (
				AECACF1218FDC6DA00D14B22 /* en */,
			);
			name = InfoPlist.strings;
			sourceTree = "<group>";
		};
		AECACF1A18FDC6DA00D14B22 /* Main.storyboard */ = {
			isa = PBXVariantGroup;
			children = (
				AECACF1B18FDC6DA00D14B22 /* Base */,
			);
			name = Main.storyboard;
			sourceTree = "<group>";
		};
/* End PBXVariantGroup section */

/* Begin XCBuildConfiguration section */
		AE9CBA7D137BFF8C00CA97E1 /* Debug */ = {
			isa = XCBuildConfiguration;
			buildSettings = {
				CLANG_WARN_BOOL_CONVERSION = YES;
				CLANG_WARN_CONSTANT_CONVERSION = YES;
				CLANG_WARN_EMPTY_BODY = YES;
				CLANG_WARN_ENUM_CONVERSION = YES;
				CLANG_WARN_INT_CONVERSION = YES;
				CLANG_WARN__DUPLICATE_METHOD_MATCH = YES;
				GCC_C_LANGUAGE_STANDARD = gnu99;
				GCC_OPTIMIZATION_LEVEL = 0;
				GCC_PREPROCESSOR_DEFINITIONS = DEBUG;
				GCC_SYMBOLS_PRIVATE_EXTERN = NO;
				GCC_VERSION = com.apple.compilers.llvm.clang.1_0;
				GCC_WARN_64_TO_32_BIT_CONVERSION = YES;
				GCC_WARN_ABOUT_RETURN_TYPE = YES;
				GCC_WARN_UNDECLARED_SELECTOR = YES;
				GCC_WARN_UNINITIALIZED_AUTOS = YES;
				GCC_WARN_UNUSED_FUNCTION = YES;
				GCC_WARN_UNUSED_VARIABLE = YES;
				MACOSX_DEPLOYMENT_TARGET = 10.6;
				ONLY_ACTIVE_ARCH = YES;
				SDKROOT = macosx10.8;
			};
			name = Debug;
		};
		AE9CBA7E137BFF8C00CA97E1 /* Release */ = {
			isa = XCBuildConfiguration;
			buildSettings = {
				CLANG_WARN_BOOL_CONVERSION = YES;
				CLANG_WARN_CONSTANT_CONVERSION = YES;
				CLANG_WARN_EMPTY_BODY = YES;
				CLANG_WARN_ENUM_CONVERSION = YES;
				CLANG_WARN_INT_CONVERSION = YES;
				CLANG_WARN__DUPLICATE_METHOD_MATCH = YES;
				GCC_C_LANGUAGE_STANDARD = gnu99;
				GCC_VERSION = com.apple.compilers.llvm.clang.1_0;
				GCC_WARN_64_TO_32_BIT_CONVERSION = YES;
				GCC_WARN_ABOUT_RETURN_TYPE = YES;
				GCC_WARN_UNDECLARED_SELECTOR = YES;
				GCC_WARN_UNINITIALIZED_AUTOS = YES;
				GCC_WARN_UNUSED_FUNCTION = YES;
				GCC_WARN_UNUSED_VARIABLE = YES;
				MACOSX_DEPLOYMENT_TARGET = 10.6;
				SDKROOT = macosx10.8;
			};
			name = Release;
		};
		AE9CBA80137BFF8C00CA97E1 /* Debug */ = {
			isa = XCBuildConfiguration;
			buildSettings = {
				ALWAYS_SEARCH_USER_PATHS = NO;
				CLANG_ENABLE_OBJC_ARC = YES;
				COMBINE_HIDPI_IMAGES = YES;
				COPY_PHASE_STRIP = NO;
				GCC_DYNAMIC_NO_PIC = NO;
				GCC_ENABLE_OBJC_EXCEPTIONS = YES;
				GCC_PRECOMPILE_PREFIX_HEADER = YES;
				GCC_PREFIX_HEADER = "Password generator/Password generator-Prefix.pch";
				INFOPLIST_FILE = "Password generator/Password generator-Info.plist";
				PRODUCT_NAME = "$(TARGET_NAME)";
				WRAPPER_EXTENSION = app;
			};
			name = Debug;
		};
		AE9CBA81137BFF8C00CA97E1 /* Release */ = {
			isa = XCBuildConfiguration;
			buildSettings = {
				ALWAYS_SEARCH_USER_PATHS = NO;
				CLANG_ENABLE_OBJC_ARC = YES;
				COMBINE_HIDPI_IMAGES = YES;
				COPY_PHASE_STRIP = YES;
				DEBUG_INFORMATION_FORMAT = "dwarf-with-dsym";
				GCC_ENABLE_OBJC_EXCEPTIONS = YES;
				GCC_PRECOMPILE_PREFIX_HEADER = YES;
				GCC_PREFIX_HEADER = "Password generator/Password generator-Prefix.pch";
				INFOPLIST_FILE = "Password generator/Password generator-Info.plist";
				PRODUCT_NAME = "$(TARGET_NAME)";
				WRAPPER_EXTENSION = app;
			};
			name = Release;
		};
		AECACF3618FDC6DB00D14B22 /* Debug */ = {
			isa = XCBuildConfiguration;
			buildSettings = {
				ALWAYS_SEARCH_USER_PATHS = NO;
				ASSETCATALOG_COMPILER_APPICON_NAME = AppIcon;
				ASSETCATALOG_COMPILER_LAUNCHIMAGE_NAME = LaunchImage;
				CLANG_CXX_LANGUAGE_STANDARD = "gnu++0x";
				CLANG_CXX_LIBRARY = "libc++";
				CLANG_ENABLE_MODULES = YES;
				CLANG_ENABLE_OBJC_ARC = YES;
				CLANG_WARN_DIRECT_OBJC_ISA_USAGE = YES_ERROR;
				CLANG_WARN_OBJC_ROOT_CLASS = YES_ERROR;
				"CODE_SIGN_IDENTITY[sdk=iphoneos*]" = "iPhone Developer";
				COPY_PHASE_STRIP = NO;
				FRAMEWORK_SEARCH_PATHS = (
					"$(inherited)",
					"$(DEVELOPER_FRAMEWORKS_DIR)",
				);
				GCC_DYNAMIC_NO_PIC = NO;
				GCC_PRECOMPILE_PREFIX_HEADER = YES;
				GCC_PREFIX_HEADER = "Password generator_iOS/Password generator_iOS-Prefix.pch";
				GCC_PREPROCESSOR_DEFINITIONS = (
					"DEBUG=1",
					"$(inherited)",
				);
				GCC_WARN_ABOUT_RETURN_TYPE = YES_ERROR;
				GCC_WARN_UNINITIALIZED_AUTOS = YES_AGGRESSIVE;
				INFOPLIST_FILE = "Password generator_iOS/Password generator_iOS-Info.plist";
				IPHONEOS_DEPLOYMENT_TARGET = 7.1;
				PRODUCT_NAME = "$(TARGET_NAME)";
				SDKROOT = iphoneos;
				WRAPPER_EXTENSION = app;
			};
			name = Debug;
		};
		AECACF3718FDC6DB00D14B22 /* Release */ = {
			isa = XCBuildConfiguration;
			buildSettings = {
				ALWAYS_SEARCH_USER_PATHS = NO;
				ASSETCATALOG_COMPILER_APPICON_NAME = AppIcon;
				ASSETCATALOG_COMPILER_LAUNCHIMAGE_NAME = LaunchImage;
				CLANG_CXX_LANGUAGE_STANDARD = "gnu++0x";
				CLANG_CXX_LIBRARY = "libc++";
				CLANG_ENABLE_MODULES = YES;
				CLANG_ENABLE_OBJC_ARC = YES;
				CLANG_WARN_DIRECT_OBJC_ISA_USAGE = YES_ERROR;
				CLANG_WARN_OBJC_ROOT_CLASS = YES_ERROR;
				"CODE_SIGN_IDENTITY[sdk=iphoneos*]" = "iPhone Developer";
				COPY_PHASE_STRIP = YES;
				ENABLE_NS_ASSERTIONS = NO;
				FRAMEWORK_SEARCH_PATHS = (
					"$(inherited)",
					"$(DEVELOPER_FRAMEWORKS_DIR)",
				);
				GCC_PRECOMPILE_PREFIX_HEADER = YES;
				GCC_PREFIX_HEADER = "Password generator_iOS/Password generator_iOS-Prefix.pch";
				GCC_WARN_ABOUT_RETURN_TYPE = YES_ERROR;
				GCC_WARN_UNINITIALIZED_AUTOS = YES_AGGRESSIVE;
				INFOPLIST_FILE = "Password generator_iOS/Password generator_iOS-Info.plist";
				IPHONEOS_DEPLOYMENT_TARGET = 7.1;
				PRODUCT_NAME = "$(TARGET_NAME)";
				SDKROOT = iphoneos;
				VALIDATE_PRODUCT = YES;
				WRAPPER_EXTENSION = app;
			};
			name = Release;
		};
/* End XCBuildConfiguration section */

/* Begin XCConfigurationList section */
		AE9CBA5B137BFF8C00CA97E1 /* Build configuration list for PBXProject "Password generator" */ = {
			isa = XCConfigurationList;
			buildConfigurations = (
				AE9CBA7D137BFF8C00CA97E1 /* Debug */,
				AE9CBA7E137BFF8C00CA97E1 /* Release */,
			);
			defaultConfigurationIsVisible = 0;
			defaultConfigurationName = Release;
		};
		AE9CBA7F137BFF8C00CA97E1 /* Build configuration list for PBXNativeTarget "Password generator" */ = {
			isa = XCConfigurationList;
			buildConfigurations = (
				AE9CBA80137BFF8C00CA97E1 /* Debug */,
				AE9CBA81137BFF8C00CA97E1 /* Release */,
			);
			defaultConfigurationIsVisible = 0;
			defaultConfigurationName = Release;
		};
		AECACF3518FDC6DB00D14B22 /* Build configuration list for PBXNativeTarget "Password generator_iOS" */ = {
			isa = XCConfigurationList;
			buildConfigurations = (
				AECACF3618FDC6DB00D14B22 /* Debug */,
				AECACF3718FDC6DB00D14B22 /* Release */,
			);
			defaultConfigurationIsVisible = 0;
		};
/* End XCConfigurationList section */
	};
	rootObject = AE9CBA58137BFF8C00CA97E1 /* Project object */;
}
